// !$*UTF8*$!
{
	archiveVersion = 1;
	classes = {
	};
	objectVersion = 56;
	objects = {

/* Begin PBXBuildFile section */
		A1D2305B290737A4004A0BD7 /* AppDelegate.swift in Sources */ = {isa = PBXBuildFile; fileRef = A1D2305A290737A4004A0BD7 /* AppDelegate.swift */; };
		A1D2305D290737A4004A0BD7 /* SceneDelegate.swift in Sources */ = {isa = PBXBuildFile; fileRef = A1D2305C290737A4004A0BD7 /* SceneDelegate.swift */; };
		A1D2305F290737A4004A0BD7 /* ViewController.swift in Sources */ = {isa = PBXBuildFile; fileRef = A1D2305E290737A4004A0BD7 /* ViewController.swift */; };
		A1D23062290737A4004A0BD7 /* Main.storyboard in Resources */ = {isa = PBXBuildFile; fileRef = A1D23060290737A4004A0BD7 /* Main.storyboard */; };
		A1D23064290737A7004A0BD7 /* Assets.xcassets in Resources */ = {isa = PBXBuildFile; fileRef = A1D23063290737A7004A0BD7 /* Assets.xcassets */; };
		A1D23067290737A7004A0BD7 /* LaunchScreen.storyboard in Resources */ = {isa = PBXBuildFile; fileRef = A1D23065290737A7004A0BD7 /* LaunchScreen.storyboard */; };
		A1D2306F29073949004A0BD7 /* GoogleService-Info.plist in Resources */ = {isa = PBXBuildFile; fileRef = A1D2306E29073949004A0BD7 /* GoogleService-Info.plist */; };
		A1D2307329073D4A004A0BD7 /* FirebaseDatabase in Frameworks */ = {isa = PBXBuildFile; productRef = A1D2307229073D4A004A0BD7 /* FirebaseDatabase */; };
		A1D2307529073D4A004A0BD7 /* FirebaseDatabaseSwift in Frameworks */ = {isa = PBXBuildFile; productRef = A1D2307429073D4A004A0BD7 /* FirebaseDatabaseSwift */; };
		A1D2307729073D4A004A0BD7 /* FirebaseFunctions in Frameworks */ = {isa = PBXBuildFile; productRef = A1D2307629073D4A004A0BD7 /* FirebaseFunctions */; };
		A1D2307929073D4A004A0BD7 /* FirebaseStorage in Frameworks */ = {isa = PBXBuildFile; productRef = A1D2307829073D4A004A0BD7 /* FirebaseStorage */; };
		A1D230872909A3D7004A0BD7 /* Dream.swift in Sources */ = {isa = PBXBuildFile; fileRef = A1D230862909A3D7004A0BD7 /* Dream.swift */; };
/* End PBXBuildFile section */

/* Begin PBXFileReference section */
		A1D23057290737A4004A0BD7 /* BYOA-Firebase.app */ = {isa = PBXFileReference; explicitFileType = wrapper.application; includeInIndex = 0; path = "BYOA-Firebase.app"; sourceTree = BUILT_PRODUCTS_DIR; };
		A1D2305A290737A4004A0BD7 /* AppDelegate.swift */ = {isa = PBXFileReference; lastKnownFileType = sourcecode.swift; path = AppDelegate.swift; sourceTree = "<group>"; };
		A1D2305C290737A4004A0BD7 /* SceneDelegate.swift */ = {isa = PBXFileReference; lastKnownFileType = sourcecode.swift; path = SceneDelegate.swift; sourceTree = "<group>"; };
		A1D2305E290737A4004A0BD7 /* ViewController.swift */ = {isa = PBXFileReference; lastKnownFileType = sourcecode.swift; path = ViewController.swift; sourceTree = "<group>"; };
		A1D23061290737A4004A0BD7 /* Base */ = {isa = PBXFileReference; lastKnownFileType = file.storyboard; name = Base; path = Base.lproj/Main.storyboard; sourceTree = "<group>"; };
		A1D23063290737A7004A0BD7 /* Assets.xcassets */ = {isa = PBXFileReference; lastKnownFileType = folder.assetcatalog; path = Assets.xcassets; sourceTree = "<group>"; };
		A1D23066290737A7004A0BD7 /* Base */ = {isa = PBXFileReference; lastKnownFileType = file.storyboard; name = Base; path = Base.lproj/LaunchScreen.storyboard; sourceTree = "<group>"; };
		A1D23068290737A7004A0BD7 /* Info.plist */ = {isa = PBXFileReference; lastKnownFileType = text.plist.xml; path = Info.plist; sourceTree = "<group>"; };
		A1D2306E29073949004A0BD7 /* GoogleService-Info.plist */ = {isa = PBXFileReference; fileEncoding = 4; lastKnownFileType = text.plist.xml; path = "GoogleService-Info.plist"; sourceTree = "<group>"; };
		A1D230862909A3D7004A0BD7 /* Dream.swift */ = {isa = PBXFileReference; lastKnownFileType = sourcecode.swift; path = Dream.swift; sourceTree = "<group>"; };
/* End PBXFileReference section */

/* Begin PBXFrameworksBuildPhase section */
		A1D23054290737A4004A0BD7 /* Frameworks */ = {
			isa = PBXFrameworksBuildPhase;
			buildActionMask = 2147483647;
			files = (
				A1D2307729073D4A004A0BD7 /* FirebaseFunctions in Frameworks */,
				A1D2307929073D4A004A0BD7 /* FirebaseStorage in Frameworks */,
				A1D2307529073D4A004A0BD7 /* FirebaseDatabaseSwift in Frameworks */,
				A1D2307329073D4A004A0BD7 /* FirebaseDatabase in Frameworks */,
			);
			runOnlyForDeploymentPostprocessing = 0;
		};
/* End PBXFrameworksBuildPhase section */

/* Begin PBXGroup section */
		A1D2304E290737A4004A0BD7 = {
			isa = PBXGroup;
			children = (
				A1D23059290737A4004A0BD7 /* BYOA-Firebase */,
				A1D23058290737A4004A0BD7 /* Products */,
			);
			sourceTree = "<group>";
		};
		A1D23058290737A4004A0BD7 /* Products */ = {
			isa = PBXGroup;
			children = (
				A1D23057290737A4004A0BD7 /* BYOA-Firebase.app */,
			);
			name = Products;
			sourceTree = "<group>";
		};
		A1D23059290737A4004A0BD7 /* BYOA-Firebase */ = {
			isa = PBXGroup;
			children = (
				A1D2306E29073949004A0BD7 /* GoogleService-Info.plist */,
				A1D23060290737A4004A0BD7 /* Main.storyboard */,
				A1D2307A29075D19004A0BD7 /* Resources */,
				A1D2305E290737A4004A0BD7 /* ViewController.swift */,
				A1D230882909A3DF004A0BD7 /* Model */,
			);
			path = "BYOA-Firebase";
			sourceTree = "<group>";
		};
		A1D2307A29075D19004A0BD7 /* Resources */ = {
			isa = PBXGroup;
			children = (
				A1D2305A290737A4004A0BD7 /* AppDelegate.swift */,
				A1D2305C290737A4004A0BD7 /* SceneDelegate.swift */,
				A1D23063290737A7004A0BD7 /* Assets.xcassets */,
				A1D23065290737A7004A0BD7 /* LaunchScreen.storyboard */,
				A1D23068290737A7004A0BD7 /* Info.plist */,
			);
			path = Resources;
			sourceTree = "<group>";
		};
		A1D230882909A3DF004A0BD7 /* Model */ = {
			isa = PBXGroup;
			children = (
				A1D230862909A3D7004A0BD7 /* Dream.swift */,
			);
			path = Model;
			sourceTree = "<group>";
		};
/* End PBXGroup section */

/* Begin PBXNativeTarget section */
		A1D23056290737A4004A0BD7 /* BYOA-Firebase */ = {
			isa = PBXNativeTarget;
			buildConfigurationList = A1D2306B290737A7004A0BD7 /* Build configuration list for PBXNativeTarget "BYOA-Firebase" */;
			buildPhases = (
				A1D23053290737A4004A0BD7 /* Sources */,
				A1D23054290737A4004A0BD7 /* Frameworks */,
				A1D23055290737A4004A0BD7 /* Resources */,
			);
			buildRules = (
			);
			dependencies = (
			);
			name = "BYOA-Firebase";
			packageProductDependencies = (
				A1D2307229073D4A004A0BD7 /* FirebaseDatabase */,
				A1D2307429073D4A004A0BD7 /* FirebaseDatabaseSwift */,
				A1D2307629073D4A004A0BD7 /* FirebaseFunctions */,
				A1D2307829073D4A004A0BD7 /* FirebaseStorage */,
			);
			productName = "BYOA-Firebase";
			productReference = A1D23057290737A4004A0BD7 /* BYOA-Firebase.app */;
			productType = "com.apple.product-type.application";
		};
/* End PBXNativeTarget section */

/* Begin PBXProject section */
		A1D2304F290737A4004A0BD7 /* Project object */ = {
			isa = PBXProject;
			attributes = {
				BuildIndependentTargetsInParallel = 1;
				LastSwiftUpdateCheck = 1400;
				LastUpgradeCheck = 1400;
				TargetAttributes = {
					A1D23056290737A4004A0BD7 = {
						CreatedOnToolsVersion = 14.0.1;
					};
				};
			};
			buildConfigurationList = A1D23052290737A4004A0BD7 /* Build configuration list for PBXProject "BYOA-Firebase" */;
			compatibilityVersion = "Xcode 14.0";
			developmentRegion = en;
			hasScannedForEncodings = 0;
			knownRegions = (
				en,
				Base,
			);
			mainGroup = A1D2304E290737A4004A0BD7;
			packageReferences = (
				A1D2307129073D4A004A0BD7 /* XCRemoteSwiftPackageReference "firebase-ios-sdk" */,
			);
			productRefGroup = A1D23058290737A4004A0BD7 /* Products */;
			projectDirPath = "";
			projectRoot = "";
			targets = (
				A1D23056290737A4004A0BD7 /* BYOA-Firebase */,
			);
		};
/* End PBXProject section */

/* Begin PBXResourcesBuildPhase section */
		A1D23055290737A4004A0BD7 /* Resources */ = {
			isa = PBXResourcesBuildPhase;
			buildActionMask = 2147483647;
			files = (
				A1D23067290737A7004A0BD7 /* LaunchScreen.storyboard in Resources */,
				A1D2306F29073949004A0BD7 /* GoogleService-Info.plist in Resources */,
				A1D23064290737A7004A0BD7 /* Assets.xcassets in Resources */,
				A1D23062290737A4004A0BD7 /* Main.storyboard in Resources */,
			);
			runOnlyForDeploymentPostprocessing = 0;
		};
/* End PBXResourcesBuildPhase section */

/* Begin PBXSourcesBuildPhase section */
		A1D23053290737A4004A0BD7 /* Sources */ = {
			isa = PBXSourcesBuildPhase;
			buildActionMask = 2147483647;
			files = (
				A1D2305F290737A4004A0BD7 /* ViewController.swift in Sources */,
				A1D2305B290737A4004A0BD7 /* AppDelegate.swift in Sources */,
				A1D2305D290737A4004A0BD7 /* SceneDelegate.swift in Sources */,
				A1D230872909A3D7004A0BD7 /* Dream.swift in Sources */,
			);
			runOnlyForDeploymentPostprocessing = 0;
		};
/* End PBXSourcesBuildPhase section */

/* Begin PBXVariantGroup section */
		A1D23060290737A4004A0BD7 /* Main.storyboard */ = {
			isa = PBXVariantGroup;
			children = (
				A1D23061290737A4004A0BD7 /* Base */,
			);
			name = Main.storyboard;
			sourceTree = "<group>";
		};
		A1D23065290737A7004A0BD7 /* LaunchScreen.storyboard */ = {
			isa = PBXVariantGroup;
			children = (
				A1D23066290737A7004A0BD7 /* Base */,
			);
			name = LaunchScreen.storyboard;
			sourceTree = "<group>";
		};
/* End PBXVariantGroup section */

/* Begin XCBuildConfiguration section */
		A1D23069290737A7004A0BD7 /* Debug */ = {
			isa = XCBuildConfiguration;
			buildSettings = {
				ALWAYS_SEARCH_USER_PATHS = NO;
				CLANG_ANALYZER_NONNULL = YES;
				CLANG_ANALYZER_NUMBER_OBJECT_CONVERSION = YES_AGGRESSIVE;
				CLANG_CXX_LANGUAGE_STANDARD = "gnu++20";
				CLANG_ENABLE_MODULES = YES;
				CLANG_ENABLE_OBJC_ARC = YES;
				CLANG_ENABLE_OBJC_WEAK = YES;
				CLANG_WARN_BLOCK_CAPTURE_AUTORELEASING = YES;
				CLANG_WARN_BOOL_CONVERSION = YES;
				CLANG_WARN_COMMA = YES;
				CLANG_WARN_CONSTANT_CONVERSION = YES;
				CLANG_WARN_DEPRECATED_OBJC_IMPLEMENTATIONS = YES;
				CLANG_WARN_DIRECT_OBJC_ISA_USAGE = YES_ERROR;
				CLANG_WARN_DOCUMENTATION_COMMENTS = YES;
				CLANG_WARN_EMPTY_BODY = YES;
				CLANG_WARN_ENUM_CONVERSION = YES;
				CLANG_WARN_INFINITE_RECURSION = YES;
				CLANG_WARN_INT_CONVERSION = YES;
				CLANG_WARN_NON_LITERAL_NULL_CONVERSION = YES;
				CLANG_WARN_OBJC_IMPLICIT_RETAIN_SELF = YES;
				CLANG_WARN_OBJC_LITERAL_CONVERSION = YES;
				CLANG_WARN_OBJC_ROOT_CLASS = YES_ERROR;
				CLANG_WARN_QUOTED_INCLUDE_IN_FRAMEWORK_HEADER = YES;
				CLANG_WARN_RANGE_LOOP_ANALYSIS = YES;
				CLANG_WARN_STRICT_PROTOTYPES = YES;
				CLANG_WARN_SUSPICIOUS_MOVE = YES;
				CLANG_WARN_UNGUARDED_AVAILABILITY = YES_AGGRESSIVE;
				CLANG_WARN_UNREACHABLE_CODE = YES;
				CLANG_WARN__DUPLICATE_METHOD_MATCH = YES;
				COPY_PHASE_STRIP = NO;
				DEBUG_INFORMATION_FORMAT = dwarf;
				ENABLE_STRICT_OBJC_MSGSEND = YES;
				ENABLE_TESTABILITY = YES;
				GCC_C_LANGUAGE_STANDARD = gnu11;
				GCC_DYNAMIC_NO_PIC = NO;
				GCC_NO_COMMON_BLOCKS = YES;
				GCC_OPTIMIZATION_LEVEL = 0;
				GCC_PREPROCESSOR_DEFINITIONS = (
					"DEBUG=1",
					"$(inherited)",
				);
				GCC_WARN_64_TO_32_BIT_CONVERSION = YES;
				GCC_WARN_ABOUT_RETURN_TYPE = YES_ERROR;
				GCC_WARN_UNDECLARED_SELECTOR = YES;
				GCC_WARN_UNINITIALIZED_AUTOS = YES_AGGRESSIVE;
				GCC_WARN_UNUSED_FUNCTION = YES;
				GCC_WARN_UNUSED_VARIABLE = YES;
				IPHONEOS_DEPLOYMENT_TARGET = 16.0;
				MTL_ENABLE_DEBUG_INFO = INCLUDE_SOURCE;
				MTL_FAST_MATH = YES;
				ONLY_ACTIVE_ARCH = YES;
				SDKROOT = iphoneos;
				SWIFT_ACTIVE_COMPILATION_CONDITIONS = DEBUG;
				SWIFT_OPTIMIZATION_LEVEL = "-Onone";
			};
			name = Debug;
		};
		A1D2306A290737A7004A0BD7 /* Release */ = {
			isa = XCBuildConfiguration;
			buildSettings = {
				ALWAYS_SEARCH_USER_PATHS = NO;
				CLANG_ANALYZER_NONNULL = YES;
				CLANG_ANALYZER_NUMBER_OBJECT_CONVERSION = YES_AGGRESSIVE;
				CLANG_CXX_LANGUAGE_STANDARD = "gnu++20";
				CLANG_ENABLE_MODULES = YES;
				CLANG_ENABLE_OBJC_ARC = YES;
				CLANG_ENABLE_OBJC_WEAK = YES;
				CLANG_WARN_BLOCK_CAPTURE_AUTORELEASING = YES;
				CLANG_WARN_BOOL_CONVERSION = YES;
				CLANG_WARN_COMMA = YES;
				CLANG_WARN_CONSTANT_CONVERSION = YES;
				CLANG_WARN_DEPRECATED_OBJC_IMPLEMENTATIONS = YES;
				CLANG_WARN_DIRECT_OBJC_ISA_USAGE = YES_ERROR;
				CLANG_WARN_DOCUMENTATION_COMMENTS = YES;
				CLANG_WARN_EMPTY_BODY = YES;
				CLANG_WARN_ENUM_CONVERSION = YES;
				CLANG_WARN_INFINITE_RECURSION = YES;
				CLANG_WARN_INT_CONVERSION = YES;
				CLANG_WARN_NON_LITERAL_NULL_CONVERSION = YES;
				CLANG_WARN_OBJC_IMPLICIT_RETAIN_SELF = YES;
				CLANG_WARN_OBJC_LITERAL_CONVERSION = YES;
				CLANG_WARN_OBJC_ROOT_CLASS = YES_ERROR;
				CLANG_WARN_QUOTED_INCLUDE_IN_FRAMEWORK_HEADER = YES;
				CLANG_WARN_RANGE_LOOP_ANALYSIS = YES;
				CLANG_WARN_STRICT_PROTOTYPES = YES;
				CLANG_WARN_SUSPICIOUS_MOVE = YES;
				CLANG_WARN_UNGUARDED_AVAILABILITY = YES_AGGRESSIVE;
				CLANG_WARN_UNREACHABLE_CODE = YES;
				CLANG_WARN__DUPLICATE_METHOD_MATCH = YES;
				COPY_PHASE_STRIP = NO;
				DEBUG_INFORMATION_FORMAT = "dwarf-with-dsym";
				ENABLE_NS_ASSERTIONS = NO;
				ENABLE_STRICT_OBJC_MSGSEND = YES;
				GCC_C_LANGUAGE_STANDARD = gnu11;
				GCC_NO_COMMON_BLOCKS = YES;
				GCC_WARN_64_TO_32_BIT_CONVERSION = YES;
				GCC_WARN_ABOUT_RETURN_TYPE = YES_ERROR;
				GCC_WARN_UNDECLARED_SELECTOR = YES;
				GCC_WARN_UNINITIALIZED_AUTOS = YES_AGGRESSIVE;
				GCC_WARN_UNUSED_FUNCTION = YES;
				GCC_WARN_UNUSED_VARIABLE = YES;
				IPHONEOS_DEPLOYMENT_TARGET = 16.0;
				MTL_ENABLE_DEBUG_INFO = NO;
				MTL_FAST_MATH = YES;
				SDKROOT = iphoneos;
				SWIFT_COMPILATION_MODE = wholemodule;
				SWIFT_OPTIMIZATION_LEVEL = "-O";
				VALIDATE_PRODUCT = YES;
			};
			name = Release;
		};
		A1D2306C290737A7004A0BD7 /* Debug */ = {
			isa = XCBuildConfiguration;
			buildSettings = {
				ASSETCATALOG_COMPILER_APPICON_NAME = AppIcon;
				ASSETCATALOG_COMPILER_GLOBAL_ACCENT_COLOR_NAME = AccentColor;
				CODE_SIGN_STYLE = Automatic;
				CURRENT_PROJECT_VERSION = 1;
				DEVELOPMENT_TEAM = WHCBWLCWQ4;
				GENERATE_INFOPLIST_FILE = YES;
				INFOPLIST_FILE = "BYOA-Firebase/Info.plist";
				INFOPLIST_KEY_UIApplicationSupportsIndirectInputEvents = YES;
				INFOPLIST_KEY_UILaunchStoryboardName = LaunchScreen;
				INFOPLIST_KEY_UIMainStoryboardFile = Main;
				INFOPLIST_KEY_UISupportedInterfaceOrientations_iPad = "UIInterfaceOrientationPortrait UIInterfaceOrientationPortraitUpsideDown UIInterfaceOrientationLandscapeLeft UIInterfaceOrientationLandscapeRight";
				INFOPLIST_KEY_UISupportedInterfaceOrientations_iPhone = "UIInterfaceOrientationPortrait UIInterfaceOrientationLandscapeLeft UIInterfaceOrientationLandscapeRight";
				LD_RUNPATH_SEARCH_PATHS = (
					"$(inherited)",
					"@executable_path/Frameworks",
				);
				MARKETING_VERSION = 1.0;
				PRIVATE_HEADERS_FOLDER_PATH = "$(CONTENTS_FOLDER_PATH)/Resources/PrivateHeaders";
				PRODUCT_BUNDLE_IDENTIFIER = "com.matheusfoliveira.BYOA-Firebase";
				PRODUCT_NAME = "$(TARGET_NAME)";
				SWIFT_EMIT_LOC_STRINGS = YES;
				SWIFT_VERSION = 5.0;
				TARGETED_DEVICE_FAMILY = "1,2";
			};
			name = Debug;
		};
		A1D2306D290737A7004A0BD7 /* Release */ = {
			isa = XCBuildConfiguration;
			buildSettings = {
				ASSETCATALOG_COMPILER_APPICON_NAME = AppIcon;
				ASSETCATALOG_COMPILER_GLOBAL_ACCENT_COLOR_NAME = AccentColor;
				CODE_SIGN_STYLE = Automatic;
				CURRENT_PROJECT_VERSION = 1;
				DEVELOPMENT_TEAM = WHCBWLCWQ4;
				GENERATE_INFOPLIST_FILE = YES;
				INFOPLIST_FILE = "BYOA-Firebase/Info.plist";
				INFOPLIST_KEY_UIApplicationSupportsIndirectInputEvents = YES;
				INFOPLIST_KEY_UILaunchStoryboardName = LaunchScreen;
				INFOPLIST_KEY_UIMainStoryboardFile = Main;
				INFOPLIST_KEY_UISupportedInterfaceOrientations_iPad = "UIInterfaceOrientationPortrait UIInterfaceOrientationPortraitUpsideDown UIInterfaceOrientationLandscapeLeft UIInterfaceOrientationLandscapeRight";
				INFOPLIST_KEY_UISupportedInterfaceOrientations_iPhone = "UIInterfaceOrientationPortrait UIInterfaceOrientationLandscapeLeft UIInterfaceOrientationLandscapeRight";
				LD_RUNPATH_SEARCH_PATHS = (
					"$(inherited)",
					"@executable_path/Frameworks",
				);
				MARKETING_VERSION = 1.0;
				PRIVATE_HEADERS_FOLDER_PATH = "$(CONTENTS_FOLDER_PATH)/Resources/PrivateHeaders";
				PRODUCT_BUNDLE_IDENTIFIER = "com.matheusfoliveira.BYOA-Firebase";
				PRODUCT_NAME = "$(TARGET_NAME)";
				SWIFT_EMIT_LOC_STRINGS = YES;
				SWIFT_VERSION = 5.0;
				TARGETED_DEVICE_FAMILY = "1,2";
			};
			name = Release;
		};
/* End XCBuildConfiguration section */

/* Begin XCConfigurationList section */
		A1D23052290737A4004A0BD7 /* Build configuration list for PBXProject "BYOA-Firebase" */ = {
			isa = XCConfigurationList;
			buildConfigurations = (
				A1D23069290737A7004A0BD7 /* Debug */,
				A1D2306A290737A7004A0BD7 /* Release */,
			);
			defaultConfigurationIsVisible = 0;
			defaultConfigurationName = Release;
		};
		A1D2306B290737A7004A0BD7 /* Build configuration list for PBXNativeTarget "BYOA-Firebase" */ = {
			isa = XCConfigurationList;
			buildConfigurations = (
				A1D2306C290737A7004A0BD7 /* Debug */,
				A1D2306D290737A7004A0BD7 /* Release */,
			);
			defaultConfigurationIsVisible = 0;
			defaultConfigurationName = Release;
		};
/* End XCConfigurationList section */

/* Begin XCRemoteSwiftPackageReference section */
		A1D2307129073D4A004A0BD7 /* XCRemoteSwiftPackageReference "firebase-ios-sdk" */ = {
			isa = XCRemoteSwiftPackageReference;
			repositoryURL = "https://github.com/firebase/firebase-ios-sdk";
			requirement = {
				kind = upToNextMajorVersion;
				minimumVersion = 9.0.0;
			};
		};
/* End XCRemoteSwiftPackageReference section */

/* Begin XCSwiftPackageProductDependency section */
		A1D2307229073D4A004A0BD7 /* FirebaseDatabase */ = {
			isa = XCSwiftPackageProductDependency;
			package = A1D2307129073D4A004A0BD7 /* XCRemoteSwiftPackageReference "firebase-ios-sdk" */;
			productName = FirebaseDatabase;
		};
		A1D2307429073D4A004A0BD7 /* FirebaseDatabaseSwift */ = {
			isa = XCSwiftPackageProductDependency;
			package = A1D2307129073D4A004A0BD7 /* XCRemoteSwiftPackageReference "firebase-ios-sdk" */;
			productName = FirebaseDatabaseSwift;
		};
		A1D2307629073D4A004A0BD7 /* FirebaseFunctions */ = {
			isa = XCSwiftPackageProductDependency;
			package = A1D2307129073D4A004A0BD7 /* XCRemoteSwiftPackageReference "firebase-ios-sdk" */;
			productName = FirebaseFunctions;
		};
		A1D2307829073D4A004A0BD7 /* FirebaseStorage */ = {
			isa = XCSwiftPackageProductDependency;
			package = A1D2307129073D4A004A0BD7 /* XCRemoteSwiftPackageReference "firebase-ios-sdk" */;
			productName = FirebaseStorage;
		};
/* End XCSwiftPackageProductDependency section */
	};
	rootObject = A1D2304F290737A4004A0BD7 /* Project object */;
}
